// !$*UTF8*$!
{
	archiveVersion = 1;
	classes = {
	};
	objectVersion = 46;
	objects = {

/* Begin PBXBuildFile section */
		1FCABBC91A924FC900B6BBD0 /* main.m in Sources */ = {isa = PBXBuildFile; fileRef = 1FCABBC81A924FC900B6BBD0 /* main.m */; };
		1FCABBCC1A924FC900B6BBD0 /* AppDelegate.m in Sources */ = {isa = PBXBuildFile; fileRef = 1FCABBCB1A924FC900B6BBD0 /* AppDelegate.m */; };
		1FCABBCE1A924FC900B6BBD0 /* Images.xcassets in Resources */ = {isa = PBXBuildFile; fileRef = 1FCABBCD1A924FC900B6BBD0 /* Images.xcassets */; };
		1FCABBD11A924FC900B6BBD0 /* LaunchScreen.xib in Resources */ = {isa = PBXBuildFile; fileRef = 1FCABBCF1A924FC900B6BBD0 /* LaunchScreen.xib */; };
		1FCABBDD1A924FC900B6BBD0 /* HypnoNerdTests.m in Sources */ = {isa = PBXBuildFile; fileRef = 1FCABBDC1A924FC900B6BBD0 /* HypnoNerdTests.m */; };
		1FCABBE81A92504000B6BBD0 /* HypnosisView.m in Sources */ = {isa = PBXBuildFile; fileRef = 1FCABBE71A92504000B6BBD0 /* HypnosisView.m */; };
		1FCABBEB1A92508400B6BBD0 /* HypnosisViewController.m in Sources */ = {isa = PBXBuildFile; fileRef = 1FCABBEA1A92508400B6BBD0 /* HypnosisViewController.m */; };
/* End PBXBuildFile section */

/* Begin PBXContainerItemProxy section */
		1FCABBD71A924FC900B6BBD0 /* PBXContainerItemProxy */ = {
			isa = PBXContainerItemProxy;
			containerPortal = 1FCABBBB1A924FC900B6BBD0 /* Project object */;
			proxyType = 1;
			remoteGlobalIDString = 1FCABBC21A924FC900B6BBD0;
			remoteInfo = HypnoNerd;
		};
/* End PBXContainerItemProxy section */

/* Begin PBXFileReference section */
		1FCABBC31A924FC900B6BBD0 /* HypnoNerd.app */ = {isa = PBXFileReference; explicitFileType = wrapper.application; includeInIndex = 0; path = HypnoNerd.app; sourceTree = BUILT_PRODUCTS_DIR; };
		1FCABBC71A924FC900B6BBD0 /* Info.plist */ = {isa = PBXFileReference; lastKnownFileType = text.plist.xml; path = Info.plist; sourceTree = "<group>"; };
		1FCABBC81A924FC900B6BBD0 /* main.m */ = {isa = PBXFileReference; lastKnownFileType = sourcecode.c.objc; path = main.m; sourceTree = "<group>"; };
		1FCABBCA1A924FC900B6BBD0 /* AppDelegate.h */ = {isa = PBXFileReference; lastKnownFileType = sourcecode.c.h; path = AppDelegate.h; sourceTree = "<group>"; };
		1FCABBCB1A924FC900B6BBD0 /* AppDelegate.m */ = {isa = PBXFileReference; lastKnownFileType = sourcecode.c.objc; path = AppDelegate.m; sourceTree = "<group>"; };
		1FCABBCD1A924FC900B6BBD0 /* Images.xcassets */ = {isa = PBXFileReference; lastKnownFileType = folder.assetcatalog; path = Images.xcassets; sourceTree = "<group>"; };
		1FCABBD01A924FC900B6BBD0 /* Base */ = {isa = PBXFileReference; lastKnownFileType = file.xib; name = Base; path = Base.lproj/LaunchScreen.xib; sourceTree = "<group>"; };
		1FCABBD61A924FC900B6BBD0 /* HypnoNerdTests.xctest */ = {isa = PBXFileReference; explicitFileType = wrapper.cfbundle; includeInIndex = 0; path = HypnoNerdTests.xctest; sourceTree = BUILT_PRODUCTS_DIR; };
		1FCABBDB1A924FC900B6BBD0 /* Info.plist */ = {isa = PBXFileReference; lastKnownFileType = text.plist.xml; path = Info.plist; sourceTree = "<group>"; };
		1FCABBDC1A924FC900B6BBD0 /* HypnoNerdTests.m */ = {isa = PBXFileReference; lastKnownFileType = sourcecode.c.objc; path = HypnoNerdTests.m; sourceTree = "<group>"; };
		1FCABBE61A92504000B6BBD0 /* HypnosisView.h */ = {isa = PBXFileReference; fileEncoding = 4; lastKnownFileType = sourcecode.c.h; path = HypnosisView.h; sourceTree = "<group>"; };
		1FCABBE71A92504000B6BBD0 /* HypnosisView.m */ = {isa = PBXFileReference; fileEncoding = 4; lastKnownFileType = sourcecode.c.objc; path = HypnosisView.m; sourceTree = "<group>"; };
		1FCABBE91A92508400B6BBD0 /* HypnosisViewController.h */ = {isa = PBXFileReference; fileEncoding = 4; lastKnownFileType = sourcecode.c.h; name = HypnosisViewController.h; path = ../HypnosisViewController.h; sourceTree = "<group>"; };
		1FCABBEA1A92508400B6BBD0 /* HypnosisViewController.m */ = {isa = PBXFileReference; fileEncoding = 4; lastKnownFileType = sourcecode.c.objc; name = HypnosisViewController.m; path = ../HypnosisViewController.m; sourceTree = "<group>"; };
/* End PBXFileReference section */

/* Begin PBXFrameworksBuildPhase section */
		1FCABBC01A924FC900B6BBD0 /* Frameworks */ = {
			isa = PBXFrameworksBuildPhase;
			buildActionMask = 2147483647;
			files = (
			);
			runOnlyForDeploymentPostprocessing = 0;
		};
		1FCABBD31A924FC900B6BBD0 /* Frameworks */ = {
			isa = PBXFrameworksBuildPhase;
			buildActionMask = 2147483647;
			files = (
			);
			runOnlyForDeploymentPostprocessing = 0;
		};
/* End PBXFrameworksBuildPhase section */

/* Begin PBXGroup section */
		1FCABBBA1A924FC900B6BBD0 = {
			isa = PBXGroup;
			children = (
				1FCABBC51A924FC900B6BBD0 /* HypnoNerd */,
				1FCABBD91A924FC900B6BBD0 /* HypnoNerdTests */,
				1FCABBC41A924FC900B6BBD0 /* Products */,
			);
			sourceTree = "<group>";
		};
		1FCABBC41A924FC900B6BBD0 /* Products */ = {
			isa = PBXGroup;
			children = (
				1FCABBC31A924FC900B6BBD0 /* HypnoNerd.app */,
				1FCABBD61A924FC900B6BBD0 /* HypnoNerdTests.xctest */,
			);
			name = Products;
			sourceTree = "<group>";
		};
		1FCABBC51A924FC900B6BBD0 /* HypnoNerd */ = {
			isa = PBXGroup;
			children = (
				1FCABBE91A92508400B6BBD0 /* HypnosisViewController.h */,
				1FCABBEA1A92508400B6BBD0 /* HypnosisViewController.m */,
				1FCABBE61A92504000B6BBD0 /* HypnosisView.h */,
				1FCABBE71A92504000B6BBD0 /* HypnosisView.m */,
				1FCABBCA1A924FC900B6BBD0 /* AppDelegate.h */,
				1FCABBCB1A924FC900B6BBD0 /* AppDelegate.m */,
				1FCABBCD1A924FC900B6BBD0 /* Images.xcassets */,
				1FCABBCF1A924FC900B6BBD0 /* LaunchScreen.xib */,
				1FCABBC61A924FC900B6BBD0 /* Supporting Files */,
			);
			path = HypnoNerd;
			sourceTree = "<group>";
		};
		1FCABBC61A924FC900B6BBD0 /* Supporting Files */ = {
			isa = PBXGroup;
			children = (
				1FCABBC71A924FC900B6BBD0 /* Info.plist */,
				1FCABBC81A924FC900B6BBD0 /* main.m */,
			);
			name = "Supporting Files";
			sourceTree = "<group>";
		};
		1FCABBD91A924FC900B6BBD0 /* HypnoNerdTests */ = {
			isa = PBXGroup;
			children = (
				1FCABBDC1A924FC900B6BBD0 /* HypnoNerdTests.m */,
				1FCABBDA1A924FC900B6BBD0 /* Supporting Files */,
			);
			path = HypnoNerdTests;
			sourceTree = "<group>";
		};
		1FCABBDA1A924FC900B6BBD0 /* Supporting Files */ = {
			isa = PBXGroup;
			children = (
				1FCABBDB1A924FC900B6BBD0 /* Info.plist */,
			);
			name = "Supporting Files";
			sourceTree = "<group>";
		};
/* End PBXGroup section */

/* Begin PBXNativeTarget section */
		1FCABBC21A924FC900B6BBD0 /* HypnoNerd */ = {
			isa = PBXNativeTarget;
			buildConfigurationList = 1FCABBE01A924FC900B6BBD0 /* Build configuration list for PBXNativeTarget "HypnoNerd" */;
			buildPhases = (
				1FCABBBF1A924FC900B6BBD0 /* Sources */,
				1FCABBC01A924FC900B6BBD0 /* Frameworks */,
				1FCABBC11A924FC900B6BBD0 /* Resources */,
			);
			buildRules = (
			);
			dependencies = (
			);
			name = HypnoNerd;
			productName = HypnoNerd;
			productReference = 1FCABBC31A924FC900B6BBD0 /* HypnoNerd.app */;
			productType = "com.apple.product-type.application";
		};
		1FCABBD51A924FC900B6BBD0 /* HypnoNerdTests */ = {
			isa = PBXNativeTarget;
			buildConfigurationList = 1FCABBE31A924FC900B6BBD0 /* Build configuration list for PBXNativeTarget "HypnoNerdTests" */;
			buildPhases = (
				1FCABBD21A924FC900B6BBD0 /* Sources */,
				1FCABBD31A924FC900B6BBD0 /* Frameworks */,
				1FCABBD41A924FC900B6BBD0 /* Resources */,
			);
			buildRules = (
			);
			dependencies = (
				1FCABBD81A924FC900B6BBD0 /* PBXTargetDependency */,
			);
			name = HypnoNerdTests;
			productName = HypnoNerdTests;
			productReference = 1FCABBD61A924FC900B6BBD0 /* HypnoNerdTests.xctest */;
			productType = "com.apple.product-type.bundle.unit-test";
		};
/* End PBXNativeTarget section */

/* Begin PBXProject section */
		1FCABBBB1A924FC900B6BBD0 /* Project object */ = {
			isa = PBXProject;
			attributes = {
				LastUpgradeCheck = 0610;
				ORGANIZATIONNAME = "Travis Pew";
				TargetAttributes = {
					1FCABBC21A924FC900B6BBD0 = {
						CreatedOnToolsVersion = 6.1;
					};
					1FCABBD51A924FC900B6BBD0 = {
						CreatedOnToolsVersion = 6.1;
						TestTargetID = 1FCABBC21A924FC900B6BBD0;
					};
				};
			};
			buildConfigurationList = 1FCABBBE1A924FC900B6BBD0 /* Build configuration list for PBXProject "HypnoNerd" */;
			compatibilityVersion = "Xcode 3.2";
			developmentRegion = English;
			hasScannedForEncodings = 0;
			knownRegions = (
				en,
				Base,
			);
			mainGroup = 1FCABBBA1A924FC900B6BBD0;
			productRefGroup = 1FCABBC41A924FC900B6BBD0 /* Products */;
			projectDirPath = "";
			projectRoot = "";
			targets = (
				1FCABBC21A924FC900B6BBD0 /* HypnoNerd */,
				1FCABBD51A924FC900B6BBD0 /* HypnoNerdTests */,
			);
		};
/* End PBXProject section */

/* Begin PBXResourcesBuildPhase section */
		1FCABBC11A924FC900B6BBD0 /* Resources */ = {
			isa = PBXResourcesBuildPhase;
			buildActionMask = 2147483647;
			files = (
				1FCABBD11A924FC900B6BBD0 /* LaunchScreen.xib in Resources */,
				1FCABBCE1A924FC900B6BBD0 /* Images.xcassets in Resources */,
			);
			runOnlyForDeploymentPostprocessing = 0;
		};
		1FCABBD41A924FC900B6BBD0 /* Resources */ = {
			isa = PBXResourcesBuildPhase;
			buildActionMask = 2147483647;
			files = (
			);
			runOnlyForDeploymentPostprocessing = 0;
		};
/* End PBXResourcesBuildPhase section */

/* Begin PBXSourcesBuildPhase section */
		1FCABBBF1A924FC900B6BBD0 /* Sources */ = {
			isa = PBXSourcesBuildPhase;
			buildActionMask = 2147483647;
			files = (
				1FCABBCC1A924FC900B6BBD0 /* AppDelegate.m in Sources */,
				1FCABBC91A924FC900B6BBD0 /* main.m in Sources */,
				1FCABBE81A92504000B6BBD0 /* HypnosisView.m in Sources */,
				1FCABBEB1A92508400B6BBD0 /* HypnosisViewController.m in Sources */,
			);
			runOnlyForDeploymentPostprocessing = 0;
		};
		1FCABBD21A924FC900B6BBD0 /* Sources */ = {
			isa = PBXSourcesBuildPhase;
			buildActionMask = 2147483647;
			files = (
				1FCABBDD1A924FC900B6BBD0 /* HypnoNerdTests.m in Sources */,
			);
			runOnlyForDeploymentPostprocessing = 0;
		};
/* End PBXSourcesBuildPhase section */

/* Begin PBXTargetDependency section */
		1FCABBD81A924FC900B6BBD0 /* PBXTargetDependency */ = {
			isa = PBXTargetDependency;
			target = 1FCABBC21A924FC900B6BBD0 /* HypnoNerd */;
			targetProxy = 1FCABBD71A924FC900B6BBD0 /* PBXContainerItemProxy */;
		};
/* End PBXTargetDependency section */

/* Begin PBXVariantGroup section */
		1FCABBCF1A924FC900B6BBD0 /* LaunchScreen.xib */ = {
			isa = PBXVariantGroup;
			children = (
				1FCABBD01A924FC900B6BBD0 /* Base */,
			);
			name = LaunchScreen.xib;
			sourceTree = "<group>";
		};
/* End PBXVariantGroup section */

/* Begin XCBuildConfiguration section */
		1FCABBDE1A924FC900B6BBD0 /* Debug */ = {
			isa = XCBuildConfiguration;
			buildSettings = {
				ALWAYS_SEARCH_USER_PATHS = NO;
				CLANG_CXX_LANGUAGE_STANDARD = "gnu++0x";
				CLANG_CXX_LIBRARY = "libc++";
				CLANG_ENABLE_MODULES = YES;
				CLANG_ENABLE_OBJC_ARC = YES;
				CLANG_WARN_BOOL_CONVERSION = YES;
				CLANG_WARN_CONSTANT_CONVERSION = YES;
				CLANG_WARN_DIRECT_OBJC_ISA_USAGE = YES_ERROR;
				CLANG_WARN_EMPTY_BODY = YES;
				CLANG_WARN_ENUM_CONVERSION = YES;
				CLANG_WARN_INT_CONVERSION = YES;
				CLANG_WARN_OBJC_ROOT_CLASS = YES_ERROR;
				CLANG_WARN_UNREACHABLE_CODE = YES;
				CLANG_WARN__DUPLICATE_METHOD_MATCH = YES;
				"CODE_SIGN_IDENTITY[sdk=iphoneos*]" = "iPhone Developer";
				COPY_PHASE_STRIP = NO;
				ENABLE_STRICT_OBJC_MSGSEND = YES;
				GCC_C_LANGUAGE_STANDARD = gnu99;
				GCC_DYNAMIC_NO_PIC = NO;
				GCC_OPTIMIZATION_LEVEL = 0;
				GCC_PREPROCESSOR_DEFINITIONS = (
					"DEBUG=1",
					"$(inherited)",
				);
				GCC_SYMBOLS_PRIVATE_EXTERN = NO;
				GCC_WARN_64_TO_32_BIT_CONVERSION = YES;
				GCC_WARN_ABOUT_RETURN_TYPE = YES_ERROR;
				GCC_WARN_UNDECLARED_SELECTOR = YES;
				GCC_WARN_UNINITIALIZED_AUTOS = YES_AGGRESSIVE;
				GCC_WARN_UNUSED_FUNCTION = YES;
				GCC_WARN_UNUSED_VARIABLE = YES;
				IPHONEOS_DEPLOYMENT_TARGET = 8.1;
				MTL_ENABLE_DEBUG_INFO = YES;
				ONLY_ACTIVE_ARCH = YES;
				SDKROOT = iphoneos;
			};
			name = Debug;
		};
		1FCABBDF1A924FC900B6BBD0 /* Release */ = {
			isa = XCBuildConfiguration;
			buildSettings = {
				ALWAYS_SEARCH_USER_PATHS = NO;
				CLANG_CXX_LANGUAGE_STANDARD = "gnu++0x";
				CLANG_CXX_LIBRARY = "libc++";
				CLANG_ENABLE_MODULES = YES;
				CLANG_ENABLE_OBJC_ARC = YES;
				CLANG_WARN_BOOL_CONVERSION = YES;
				CLANG_WARN_CONSTANT_CONVERSION = YES;
				CLANG_WARN_DIRECT_OBJC_ISA_USAGE = YES_ERROR;
				CLANG_WARN_EMPTY_BODY = YES;
				CLANG_WARN_ENUM_CONVERSION = YES;
				CLANG_WARN_INT_CONVERSION = YES;
				CLANG_WARN_OBJC_ROOT_CLASS = YES_ERROR;
				CLANG_WARN_UNREACHABLE_CODE = YES;
				CLANG_WARN__DUPLICATE_METHOD_MATCH = YES;
				"CODE_SIGN_IDENTITY[sdk=iphoneos*]" = "iPhone Developer";
				COPY_PHASE_STRIP = YES;
				ENABLE_NS_ASSERTIONS = NO;
				ENABLE_STRICT_OBJC_MSGSEND = YES;
				GCC_C_LANGUAGE_STANDARD = gnu99;
				GCC_WARN_64_TO_32_BIT_CONVERSION = YES;
				GCC_WARN_ABOUT_RETURN_TYPE = YES_ERROR;
				GCC_WARN_UNDECLARED_SELECTOR = YES;
				GCC_WARN_UNINITIALIZED_AUTOS = YES_AGGRESSIVE;
				GCC_WARN_UNUSED_FUNCTION = YES;
				GCC_WARN_UNUSED_VARIABLE = YES;
				IPHONEOS_DEPLOYMENT_TARGET = 8.1;
				MTL_ENABLE_DEBUG_INFO = NO;
				SDKROOT = iphoneos;
				VALIDATE_PRODUCT = YES;
			};
			name = Release;
		};
		1FCABBE11A924FC900B6BBD0 /* Debug */ = {
			isa = XCBuildConfiguration;
			buildSettings = {
				ASSETCATALOG_COMPILER_APPICON_NAME = AppIcon;
				INFOPLIST_FILE = HypnoNerd/Info.plist;
				LD_RUNPATH_SEARCH_PATHS = "$(inherited) @executable_path/Frameworks";
				PRODUCT_NAME = "$(TARGET_NAME)";
			};
			name = Debug;
		};
		1FCABBE21A924FC900B6BBD0 /* Release */ = {
			isa = XCBuildConfiguration;
			buildSettings = {
				ASSETCATALOG_COMPILER_APPICON_NAME = AppIcon;
				INFOPLIST_FILE = HypnoNerd/Info.plist;
				LD_RUNPATH_SEARCH_PATHS = "$(inherited) @executable_path/Frameworks";
				PRODUCT_NAME = "$(TARGET_NAME)";
			};
			name = Release;
		};
		1FCABBE41A924FC900B6BBD0 /* Debug */ = {
			isa = XCBuildConfiguration;
			buildSettings = {
				BUNDLE_LOADER = "$(TEST_HOST)";
				FRAMEWORK_SEARCH_PATHS = (
					"$(SDKROOT)/Developer/Library/Frameworks",
					"$(inherited)",
				);
				GCC_PREPROCESSOR_DEFINITIONS = (
					"DEBUG=1",
					"$(inherited)",
				);
				INFOPLIST_FILE = HypnoNerdTests/Info.plist;
				LD_RUNPATH_SEARCH_PATHS = "$(inherited) @executable_path/Frameworks @loader_path/Frameworks";
				PRODUCT_NAME = "$(TARGET_NAME)";
				TEST_HOST = "$(BUILT_PRODUCTS_DIR)/HypnoNerd.app/HypnoNerd";
			};
			name = Debug;
		};
		1FCABBE51A924FC900B6BBD0 /* Release */ = {
			isa = XCBuildConfiguration;
			buildSettings = {
				BUNDLE_LOADER = "$(TEST_HOST)";
				FRAMEWORK_SEARCH_PATHS = (
					"$(SDKROOT)/Developer/Library/Frameworks",
					"$(inherited)",
				);
				INFOPLIST_FILE = HypnoNerdTests/Info.plist;
				LD_RUNPATH_SEARCH_PATHS = "$(inherited) @executable_path/Frameworks @loader_path/Frameworks";
				PRODUCT_NAME = "$(TARGET_NAME)";
				TEST_HOST = "$(BUILT_PRODUCTS_DIR)/HypnoNerd.app/HypnoNerd";
			};
			name = Release;
		};
/* End XCBuildConfiguration section */

/* Begin XCConfigurationList section */
		1FCABBBE1A924FC900B6BBD0 /* Build configuration list for PBXProject "HypnoNerd" */ = {
			isa = XCConfigurationList;
			buildConfigurations = (
				1FCABBDE1A924FC900B6BBD0 /* Debug */,
				1FCABBDF1A924FC900B6BBD0 /* Release */,
			);
			defaultConfigurationIsVisible = 0;
			defaultConfigurationName = Release;
		};
		1FCABBE01A924FC900B6BBD0 /* Build configuration list for PBXNativeTarget "HypnoNerd" */ = {
			isa = XCConfigurationList;
			buildConfigurations = (
				1FCABBE11A924FC900B6BBD0 /* Debug */,
				1FCABBE21A924FC900B6BBD0 /* Release */,
			);
			defaultConfigurationIsVisible = 0;
		};
		1FCABBE31A924FC900B6BBD0 /* Build configuration list for PBXNativeTarget "HypnoNerdTests" */ = {
			isa = XCConfigurationList;
			buildConfigurations = (
				1FCABBE41A924FC900B6BBD0 /* Debug */,
				1FCABBE51A924FC900B6BBD0 /* Release */,
			);
			defaultConfigurationIsVisible = 0;
		};
/* End XCConfigurationList section */
	};
	rootObject = 1FCABBBB1A924FC900B6BBD0 /* Project object */;
}
